
Microsoft Visual Studio Solution File, Format Version 12.00
# Visual Studio Version 17
VisualStudioVersion = 17.12.35728.132 d17.12
MinimumVisualStudioVersion = 10.0.40219.1
Project("{FAE04EC0-301F-11D3-BF4B-00C04F79EFBC}") = "NoFog", "NoFog\NoFog.csproj", "{7A616E9F-C278-4FCF-A3A9-05A2494985D2}"
EndProject
Project("{FAE04EC0-301F-11D3-BF4B-00C04F79EFBC}") = "SilkwormReborn", "..\..\..\silkworm\Silkworm\SilkwormReborn.csproj", "{90F6D258-4217-4A5D-A46B-482EAEC3A115}"
EndProject
Global
	GlobalSection(SolutionConfigurationPlatforms) = preSolution
		Debug|Any CPU = Debug|Any CPU
		Release|Any CPU = Release|Any CPU
	EndGlobalSection
	GlobalSection(ProjectConfigurationPlatforms) = postSolution
		{7A616E9F-C278-4FCF-A3A9-05A2494985D2}.Debug|Any CPU.ActiveCfg = Debug|Any CPU
		{7A616E9F-C278-4FCF-A3A9-05A2494985D2}.Debug|Any CPU.Build.0 = Debug|Any CPU
		{7A616E9F-C278-4FCF-A3A9-05A2494985D2}.Release|Any CPU.ActiveCfg = Release|Any CPU
		{7A616E9F-C278-4FCF-A3A9-05A2494985D2}.Release|Any CPU.Build.0 = Release|Any CPU
		{90F6D258-4217-4A5D-A46B-482EAEC3A115}.Debug|Any CPU.ActiveCfg = Debug|Any CPU
		{90F6D258-4217-4A5D-A46B-482EAEC3A115}.Debug|Any CPU.Build.0 = Debug|Any CPU
		{90F6D258-4217-4A5D-A46B-482EAEC3A115}.Release|Any CPU.ActiveCfg = Release|Any CPU
		{90F6D258-4217-4A5D-A46B-482EAEC3A115}.Release|Any CPU.Build.0 = Release|Any CPU
	EndGlobalSection
	GlobalSection(SolutionProperties) = preSolution
		HideSolutionNode = FALSE
	EndGlobalSection
EndGlobal
